// !$*UTF8*$!
{
	archiveVersion = 1;
	classes = {
	};
	objectVersion = 46;
	objects = {

/* Begin PBXBuildFile section */
		5283218F1D76F13B0026D3C5 /* main.m in Sources */ = {isa = PBXBuildFile; fileRef = 5283218E1D76F13B0026D3C5 /* main.m */; };
		528321921D76F13B0026D3C5 /* AppDelegate.m in Sources */ = {isa = PBXBuildFile; fileRef = 528321911D76F13B0026D3C5 /* AppDelegate.m */; };
		528321951D76F13B0026D3C5 /* ViewController.m in Sources */ = {isa = PBXBuildFile; fileRef = 528321941D76F13B0026D3C5 /* ViewController.m */; };
		528321981D76F13B0026D3C5 /* Main.storyboard in Resources */ = {isa = PBXBuildFile; fileRef = 528321961D76F13B0026D3C5 /* Main.storyboard */; };
		5283219A1D76F13B0026D3C5 /* Assets.xcassets in Resources */ = {isa = PBXBuildFile; fileRef = 528321991D76F13B0026D3C5 /* Assets.xcassets */; };
		5283219D1D76F13B0026D3C5 /* LaunchScreen.storyboard in Resources */ = {isa = PBXBuildFile; fileRef = 5283219B1D76F13B0026D3C5 /* LaunchScreen.storyboard */; };
		528321A81D76F13B0026D3C5 /* SenderTests.m in Sources */ = {isa = PBXBuildFile; fileRef = 528321A71D76F13B0026D3C5 /* SenderTests.m */; };
		528321B31D76F13B0026D3C5 /* SenderUITests.m in Sources */ = {isa = PBXBuildFile; fileRef = 528321B21D76F13B0026D3C5 /* SenderUITests.m */; };
		528322001D770D710026D3C5 /* delete.html in Resources */ = {isa = PBXBuildFile; fileRef = 528321FF1D770D710026D3C5 /* delete.html */; };
/* End PBXBuildFile section */

/* Begin PBXContainerItemProxy section */
		528321A41D76F13B0026D3C5 /* PBXContainerItemProxy */ = {
			isa = PBXContainerItemProxy;
			containerPortal = 528321821D76F13B0026D3C5 /* Project object */;
			proxyType = 1;
			remoteGlobalIDString = 528321891D76F13B0026D3C5;
			remoteInfo = Sender;
		};
		528321AF1D76F13B0026D3C5 /* PBXContainerItemProxy */ = {
			isa = PBXContainerItemProxy;
			containerPortal = 528321821D76F13B0026D3C5 /* Project object */;
			proxyType = 1;
			remoteGlobalIDString = 528321891D76F13B0026D3C5;
			remoteInfo = Sender;
		};
/* End PBXContainerItemProxy section */

/* Begin PBXFileReference section */
		5283218A1D76F13B0026D3C5 /* Sender.app */ = {isa = PBXFileReference; explicitFileType = wrapper.application; includeInIndex = 0; path = Sender.app; sourceTree = BUILT_PRODUCTS_DIR; };
		5283218E1D76F13B0026D3C5 /* main.m */ = {isa = PBXFileReference; lastKnownFileType = sourcecode.c.objc; path = main.m; sourceTree = "<group>"; };
		528321901D76F13B0026D3C5 /* AppDelegate.h */ = {isa = PBXFileReference; lastKnownFileType = sourcecode.c.h; path = AppDelegate.h; sourceTree = "<group>"; };
		528321911D76F13B0026D3C5 /* AppDelegate.m */ = {isa = PBXFileReference; lastKnownFileType = sourcecode.c.objc; path = AppDelegate.m; sourceTree = "<group>"; };
		528321931D76F13B0026D3C5 /* ViewController.h */ = {isa = PBXFileReference; lastKnownFileType = sourcecode.c.h; path = ViewController.h; sourceTree = "<group>"; };
		528321941D76F13B0026D3C5 /* ViewController.m */ = {isa = PBXFileReference; lastKnownFileType = sourcecode.c.objc; path = ViewController.m; sourceTree = "<group>"; };
		528321971D76F13B0026D3C5 /* Base */ = {isa = PBXFileReference; lastKnownFileType = file.storyboard; name = Base; path = Base.lproj/Main.storyboard; sourceTree = "<group>"; };
		528321991D76F13B0026D3C5 /* Assets.xcassets */ = {isa = PBXFileReference; lastKnownFileType = folder.assetcatalog; path = Assets.xcassets; sourceTree = "<group>"; };
		5283219C1D76F13B0026D3C5 /* Base */ = {isa = PBXFileReference; lastKnownFileType = file.storyboard; name = Base; path = Base.lproj/LaunchScreen.storyboard; sourceTree = "<group>"; };
		5283219E1D76F13B0026D3C5 /* Info.plist */ = {isa = PBXFileReference; lastKnownFileType = text.plist.xml; path = Info.plist; sourceTree = "<group>"; };
		528321A31D76F13B0026D3C5 /* SenderTests.xctest */ = {isa = PBXFileReference; explicitFileType = wrapper.cfbundle; includeInIndex = 0; path = SenderTests.xctest; sourceTree = BUILT_PRODUCTS_DIR; };
		528321A71D76F13B0026D3C5 /* SenderTests.m */ = {isa = PBXFileReference; lastKnownFileType = sourcecode.c.objc; path = SenderTests.m; sourceTree = "<group>"; };
		528321A91D76F13B0026D3C5 /* Info.plist */ = {isa = PBXFileReference; lastKnownFileType = text.plist.xml; path = Info.plist; sourceTree = "<group>"; };
		528321AE1D76F13B0026D3C5 /* SenderUITests.xctest */ = {isa = PBXFileReference; explicitFileType = wrapper.cfbundle; includeInIndex = 0; path = SenderUITests.xctest; sourceTree = BUILT_PRODUCTS_DIR; };
		528321B21D76F13B0026D3C5 /* SenderUITests.m */ = {isa = PBXFileReference; lastKnownFileType = sourcecode.c.objc; path = SenderUITests.m; sourceTree = "<group>"; };
		528321B41D76F13B0026D3C5 /* Info.plist */ = {isa = PBXFileReference; lastKnownFileType = text.plist.xml; path = Info.plist; sourceTree = "<group>"; };
		528321FF1D770D710026D3C5 /* delete.html */ = {isa = PBXFileReference; fileEncoding = 4; lastKnownFileType = text.html; path = delete.html; sourceTree = "<group>"; };
/* End PBXFileReference section */

/* Begin PBXFrameworksBuildPhase section */
		528321871D76F13B0026D3C5 /* Frameworks */ = {
			isa = PBXFrameworksBuildPhase;
			buildActionMask = 2147483647;
			files = (
			);
			runOnlyForDeploymentPostprocessing = 0;
		};
		528321A01D76F13B0026D3C5 /* Frameworks */ = {
			isa = PBXFrameworksBuildPhase;
			buildActionMask = 2147483647;
			files = (
			);
			runOnlyForDeploymentPostprocessing = 0;
		};
		528321AB1D76F13B0026D3C5 /* Frameworks */ = {
			isa = PBXFrameworksBuildPhase;
			buildActionMask = 2147483647;
			files = (
			);
			runOnlyForDeploymentPostprocessing = 0;
		};
/* End PBXFrameworksBuildPhase section */

/* Begin PBXGroup section */
		528321811D76F13B0026D3C5 = {
			isa = PBXGroup;
			children = (
				5283218C1D76F13B0026D3C5 /* Sender */,
				528321A61D76F13B0026D3C5 /* SenderTests */,
				528321B11D76F13B0026D3C5 /* SenderUITests */,
				5283218B1D76F13B0026D3C5 /* Products */,
			);
			sourceTree = "<group>";
		};
		5283218B1D76F13B0026D3C5 /* Products */ = {
			isa = PBXGroup;
			children = (
				5283218A1D76F13B0026D3C5 /* Sender.app */,
				528321A31D76F13B0026D3C5 /* SenderTests.xctest */,
				528321AE1D76F13B0026D3C5 /* SenderUITests.xctest */,
			);
			name = Products;
			sourceTree = "<group>";
		};
		5283218C1D76F13B0026D3C5 /* Sender */ = {
			isa = PBXGroup;
			children = (
				528321901D76F13B0026D3C5 /* AppDelegate.h */,
				528321911D76F13B0026D3C5 /* AppDelegate.m */,
				528321FF1D770D710026D3C5 /* delete.html */,
				528321931D76F13B0026D3C5 /* ViewController.h */,
				528321941D76F13B0026D3C5 /* ViewController.m */,
				528321961D76F13B0026D3C5 /* Main.storyboard */,
				528321991D76F13B0026D3C5 /* Assets.xcassets */,
				5283219B1D76F13B0026D3C5 /* LaunchScreen.storyboard */,
				5283219E1D76F13B0026D3C5 /* Info.plist */,
				5283218D1D76F13B0026D3C5 /* Supporting Files */,
			);
			path = Sender;
			sourceTree = "<group>";
		};
		5283218D1D76F13B0026D3C5 /* Supporting Files */ = {
			isa = PBXGroup;
			children = (
				5283218E1D76F13B0026D3C5 /* main.m */,
			);
			name = "Supporting Files";
			sourceTree = "<group>";
		};
		528321A61D76F13B0026D3C5 /* SenderTests */ = {
			isa = PBXGroup;
			children = (
				528321A71D76F13B0026D3C5 /* SenderTests.m */,
				528321A91D76F13B0026D3C5 /* Info.plist */,
			);
			path = SenderTests;
			sourceTree = "<group>";
		};
		528321B11D76F13B0026D3C5 /* SenderUITests */ = {
			isa = PBXGroup;
			children = (
				528321B21D76F13B0026D3C5 /* SenderUITests.m */,
				528321B41D76F13B0026D3C5 /* Info.plist */,
			);
			path = SenderUITests;
			sourceTree = "<group>";
		};
/* End PBXGroup section */

/* Begin PBXNativeTarget section */
		528321891D76F13B0026D3C5 /* Sender */ = {
			isa = PBXNativeTarget;
			buildConfigurationList = 528321B71D76F13B0026D3C5 /* Build configuration list for PBXNativeTarget "Sender" */;
			buildPhases = (
				528321861D76F13B0026D3C5 /* Sources */,
				528321871D76F13B0026D3C5 /* Frameworks */,
				528321881D76F13B0026D3C5 /* Resources */,
			);
			buildRules = (
			);
			dependencies = (
			);
			name = Sender;
			productName = Sender;
			productReference = 5283218A1D76F13B0026D3C5 /* Sender.app */;
			productType = "com.apple.product-type.application";
		};
		528321A21D76F13B0026D3C5 /* SenderTests */ = {
			isa = PBXNativeTarget;
			buildConfigurationList = 528321BA1D76F13B0026D3C5 /* Build configuration list for PBXNativeTarget "SenderTests" */;
			buildPhases = (
				5283219F1D76F13B0026D3C5 /* Sources */,
				528321A01D76F13B0026D3C5 /* Frameworks */,
				528321A11D76F13B0026D3C5 /* Resources */,
			);
			buildRules = (
			);
			dependencies = (
				528321A51D76F13B0026D3C5 /* PBXTargetDependency */,
			);
			name = SenderTests;
			productName = SenderTests;
			productReference = 528321A31D76F13B0026D3C5 /* SenderTests.xctest */;
			productType = "com.apple.product-type.bundle.unit-test";
		};
		528321AD1D76F13B0026D3C5 /* SenderUITests */ = {
			isa = PBXNativeTarget;
			buildConfigurationList = 528321BD1D76F13B0026D3C5 /* Build configuration list for PBXNativeTarget "SenderUITests" */;
			buildPhases = (
				528321AA1D76F13B0026D3C5 /* Sources */,
				528321AB1D76F13B0026D3C5 /* Frameworks */,
				528321AC1D76F13B0026D3C5 /* Resources */,
			);
			buildRules = (
			);
			dependencies = (
				528321B01D76F13B0026D3C5 /* PBXTargetDependency */,
			);
			name = SenderUITests;
			productName = SenderUITests;
			productReference = 528321AE1D76F13B0026D3C5 /* SenderUITests.xctest */;
			productType = "com.apple.product-type.bundle.ui-testing";
		};
/* End PBXNativeTarget section */

/* Begin PBXProject section */
		528321821D76F13B0026D3C5 /* Project object */ = {
			isa = PBXProject;
			attributes = {
				LastUpgradeCheck = 0730;
				ORGANIZATIONNAME = com.NeoRays;
				TargetAttributes = {
					528321891D76F13B0026D3C5 = {
						CreatedOnToolsVersion = 7.3;
					};
					528321A21D76F13B0026D3C5 = {
						CreatedOnToolsVersion = 7.3;
						TestTargetID = 528321891D76F13B0026D3C5;
					};
					528321AD1D76F13B0026D3C5 = {
						CreatedOnToolsVersion = 7.3;
						TestTargetID = 528321891D76F13B0026D3C5;
					};
				};
			};
			buildConfigurationList = 528321851D76F13B0026D3C5 /* Build configuration list for PBXProject "Sender" */;
			compatibilityVersion = "Xcode 3.2";
			developmentRegion = English;
			hasScannedForEncodings = 0;
			knownRegions = (
				en,
				Base,
			);
			mainGroup = 528321811D76F13B0026D3C5;
			productRefGroup = 5283218B1D76F13B0026D3C5 /* Products */;
			projectDirPath = "";
			projectRoot = "";
			targets = (
				528321891D76F13B0026D3C5 /* Sender */,
				528321A21D76F13B0026D3C5 /* SenderTests */,
				528321AD1D76F13B0026D3C5 /* SenderUITests */,
			);
		};
/* End PBXProject section */

/* Begin PBXResourcesBuildPhase section */
		528321881D76F13B0026D3C5 /* Resources */ = {
			isa = PBXResourcesBuildPhase;
			buildActionMask = 2147483647;
			files = (
				5283219D1D76F13B0026D3C5 /* LaunchScreen.storyboard in Resources */,
				528322001D770D710026D3C5 /* delete.html in Resources */,
				5283219A1D76F13B0026D3C5 /* Assets.xcassets in Resources */,
				528321981D76F13B0026D3C5 /* Main.storyboard in Resources */,
			);
			runOnlyForDeploymentPostprocessing = 0;
		};
		528321A11D76F13B0026D3C5 /* Resources */ = {
			isa = PBXResourcesBuildPhase;
			buildActionMask = 2147483647;
			files = (
			);
			runOnlyForDeploymentPostprocessing = 0;
		};
		528321AC1D76F13B0026D3C5 /* Resources */ = {
			isa = PBXResourcesBuildPhase;
			buildActionMask = 2147483647;
			files = (
			);
			runOnlyForDeploymentPostprocessing = 0;
		};
/* End PBXResourcesBuildPhase section */

/* Begin PBXSourcesBuildPhase section */
		528321861D76F13B0026D3C5 /* Sources */ = {
			isa = PBXSourcesBuildPhase;
			buildActionMask = 2147483647;
			files = (
				528321951D76F13B0026D3C5 /* ViewController.m in Sources */,
				528321921D76F13B0026D3C5 /* AppDelegate.m in Sources */,
				5283218F1D76F13B0026D3C5 /* main.m in Sources */,
			);
			runOnlyForDeploymentPostprocessing = 0;
		};
		5283219F1D76F13B0026D3C5 /* Sources */ = {
			isa = PBXSourcesBuildPhase;
			buildActionMask = 2147483647;
			files = (
				528321A81D76F13B0026D3C5 /* SenderTests.m in Sources */,
			);
			runOnlyForDeploymentPostprocessing = 0;
		};
		528321AA1D76F13B0026D3C5 /* Sources */ = {
			isa = PBXSourcesBuildPhase;
			buildActionMask = 2147483647;
			files = (
				528321B31D76F13B0026D3C5 /* SenderUITests.m in Sources */,
			);
			runOnlyForDeploymentPostprocessing = 0;
		};
/* End PBXSourcesBuildPhase section */

/* Begin PBXTargetDependency section */
		528321A51D76F13B0026D3C5 /* PBXTargetDependency */ = {
			isa = PBXTargetDependency;
			target = 528321891D76F13B0026D3C5 /* Sender */;
			targetProxy = 528321A41D76F13B0026D3C5 /* PBXContainerItemProxy */;
		};
		528321B01D76F13B0026D3C5 /* PBXTargetDependency */ = {
			isa = PBXTargetDependency;
			target = 528321891D76F13B0026D3C5 /* Sender */;
			targetProxy = 528321AF1D76F13B0026D3C5 /* PBXContainerItemProxy */;
		};
/* End PBXTargetDependency section */

/* Begin PBXVariantGroup section */
		528321961D76F13B0026D3C5 /* Main.storyboard */ = {
			isa = PBXVariantGroup;
			children = (
				528321971D76F13B0026D3C5 /* Base */,
			);
			name = Main.storyboard;
			sourceTree = "<group>";
		};
		5283219B1D76F13B0026D3C5 /* LaunchScreen.storyboard */ = {
			isa = PBXVariantGroup;
			children = (
				5283219C1D76F13B0026D3C5 /* Base */,
			);
			name = LaunchScreen.storyboard;
			sourceTree = "<group>";
		};
/* End PBXVariantGroup section */

/* Begin XCBuildConfiguration section */
		528321B51D76F13B0026D3C5 /* Debug */ = {
			isa = XCBuildConfiguration;
			buildSettings = {
				ALWAYS_SEARCH_USER_PATHS = NO;
				CLANG_ANALYZER_NONNULL = YES;
				CLANG_CXX_LANGUAGE_STANDARD = "gnu++0x";
				CLANG_CXX_LIBRARY = "libc++";
				CLANG_ENABLE_MODULES = YES;
				CLANG_ENABLE_OBJC_ARC = YES;
				CLANG_WARN_BOOL_CONVERSION = YES;
				CLANG_WARN_CONSTANT_CONVERSION = YES;
				CLANG_WARN_DIRECT_OBJC_ISA_USAGE = YES_ERROR;
				CLANG_WARN_EMPTY_BODY = YES;
				CLANG_WARN_ENUM_CONVERSION = YES;
				CLANG_WARN_INT_CONVERSION = YES;
				CLANG_WARN_OBJC_ROOT_CLASS = YES_ERROR;
				CLANG_WARN_UNREACHABLE_CODE = YES;
				CLANG_WARN__DUPLICATE_METHOD_MATCH = YES;
				"CODE_SIGN_IDENTITY[sdk=iphoneos*]" = "iPhone Developer";
				COPY_PHASE_STRIP = NO;
				DEBUG_INFORMATION_FORMAT = dwarf;
				ENABLE_STRICT_OBJC_MSGSEND = YES;
				ENABLE_TESTABILITY = YES;
				GCC_C_LANGUAGE_STANDARD = gnu99;
				GCC_DYNAMIC_NO_PIC = NO;
				GCC_NO_COMMON_BLOCKS = YES;
				GCC_OPTIMIZATION_LEVEL = 0;
				GCC_PREPROCESSOR_DEFINITIONS = (
					"DEBUG=1",
					"$(inherited)",
				);
				GCC_WARN_64_TO_32_BIT_CONVERSION = YES;
				GCC_WARN_ABOUT_RETURN_TYPE = YES_ERROR;
				GCC_WARN_UNDECLARED_SELECTOR = YES;
				GCC_WARN_UNINITIALIZED_AUTOS = YES_AGGRESSIVE;
				GCC_WARN_UNUSED_FUNCTION = YES;
				GCC_WARN_UNUSED_VARIABLE = YES;
				IPHONEOS_DEPLOYMENT_TARGET = 9.3;
				MTL_ENABLE_DEBUG_INFO = YES;
				ONLY_ACTIVE_ARCH = YES;
				SDKROOT = iphoneos;
				TARGETED_DEVICE_FAMILY = "1,2";
			};
			name = Debug;
		};
		528321B61D76F13B0026D3C5 /* Release */ = {
			isa = XCBuildConfiguration;
			buildSettings = {
				ALWAYS_SEARCH_USER_PATHS = NO;
				CLANG_ANALYZER_NONNULL = YES;
				CLANG_CXX_LANGUAGE_STANDARD = "gnu++0x";
				CLANG_CXX_LIBRARY = "libc++";
				CLANG_ENABLE_MODULES = YES;
				CLANG_ENABLE_OBJC_ARC = YES;
				CLANG_WARN_BOOL_CONVERSION = YES;
				CLANG_WARN_CONSTANT_CONVERSION = YES;
				CLANG_WARN_DIRECT_OBJC_ISA_USAGE = YES_ERROR;
				CLANG_WARN_EMPTY_BODY = YES;
				CLANG_WARN_ENUM_CONVERSION = YES;
				CLANG_WARN_INT_CONVERSION = YES;
				CLANG_WARN_OBJC_ROOT_CLASS = YES_ERROR;
				CLANG_WARN_UNREACHABLE_CODE = YES;
				CLANG_WARN__DUPLICATE_METHOD_MATCH = YES;
				"CODE_SIGN_IDENTITY[sdk=iphoneos*]" = "iPhone Developer";
				COPY_PHASE_STRIP = NO;
				DEBUG_INFORMATION_FORMAT = "dwarf-with-dsym";
				ENABLE_NS_ASSERTIONS = NO;
				ENABLE_STRICT_OBJC_MSGSEND = YES;
				GCC_C_LANGUAGE_STANDARD = gnu99;
				GCC_NO_COMMON_BLOCKS = YES;
				GCC_WARN_64_TO_32_BIT_CONVERSION = YES;
				GCC_WARN_ABOUT_RETURN_TYPE = YES_ERROR;
				GCC_WARN_UNDECLARED_SELECTOR = YES;
				GCC_WARN_UNINITIALIZED_AUTOS = YES_AGGRESSIVE;
				GCC_WARN_UNUSED_FUNCTION = YES;
				GCC_WARN_UNUSED_VARIABLE = YES;
				IPHONEOS_DEPLOYMENT_TARGET = 9.3;
				MTL_ENABLE_DEBUG_INFO = NO;
				SDKROOT = iphoneos;
				TARGETED_DEVICE_FAMILY = "1,2";
				VALIDATE_PRODUCT = YES;
			};
			name = Release;
		};
		528321B81D76F13B0026D3C5 /* Debug */ = {
			isa = XCBuildConfiguration;
			buildSettings = {
				ASSETCATALOG_COMPILER_APPICON_NAME = AppIcon;
				INFOPLIST_FILE = Sender/Info.plist;
				LD_RUNPATH_SEARCH_PATHS = "$(inherited) @executable_path/Frameworks";
				PRODUCT_BUNDLE_IDENTIFIER = Mahaboob.Sender;
				PRODUCT_NAME = "$(TARGET_NAME)";
			};
			name = Debug;
		};
		528321B91D76F13B0026D3C5 /* Release */ = {
			isa = XCBuildConfiguration;
			buildSettings = {
				ASSETCATALOG_COMPILER_APPICON_NAME = AppIcon;
				INFOPLIST_FILE = Sender/Info.plist;
				LD_RUNPATH_SEARCH_PATHS = "$(inherited) @executable_path/Frameworks";
				PRODUCT_BUNDLE_IDENTIFIER = Mahaboob.Sender;
				PRODUCT_NAME = "$(TARGET_NAME)";
			};
			name = Release;
		};
		528321BB1D76F13B0026D3C5 /* Debug */ = {
			isa = XCBuildConfiguration;
			buildSettings = {
				BUNDLE_LOADER = "$(TEST_HOST)";
				INFOPLIST_FILE = SenderTests/Info.plist;
				LD_RUNPATH_SEARCH_PATHS = "$(inherited) @executable_path/Frameworks @loader_path/Frameworks";
				PRODUCT_BUNDLE_IDENTIFIER = Mahaboob.SenderTests;
				PRODUCT_NAME = "$(TARGET_NAME)";
				TEST_HOST = "$(BUILT_PRODUCTS_DIR)/Sender.app/Sender";
			};
			name = Debug;
		};
		528321BC1D76F13B0026D3C5 /* Release */ = {
			isa = XCBuildConfiguration;
			buildSettings = {
				BUNDLE_LOADER = "$(TEST_HOST)";
				INFOPLIST_FILE = SenderTests/Info.plist;
				LD_RUNPATH_SEARCH_PATHS = "$(inherited) @executable_path/Frameworks @loader_path/Frameworks";
				PRODUCT_BUNDLE_IDENTIFIER = Mahaboob.SenderTests;
				PRODUCT_NAME = "$(TARGET_NAME)";
				TEST_HOST = "$(BUILT_PRODUCTS_DIR)/Sender.app/Sender";
			};
			name = Release;
		};
		528321BE1D76F13B0026D3C5 /* Debug */ = {
			isa = XCBuildConfiguration;
			buildSettings = {
				INFOPLIST_FILE = SenderUITests/Info.plist;
				LD_RUNPATH_SEARCH_PATHS = "$(inherited) @executable_path/Frameworks @loader_path/Frameworks";
				PRODUCT_BUNDLE_IDENTIFIER = Mahaboob.SenderUITests;
				PRODUCT_NAME = "$(TARGET_NAME)";
				TEST_TARGET_NAME = Sender;
			};
			name = Debug;
		};
		528321BF1D76F13B0026D3C5 /* Release */ = {
			isa = XCBuildConfiguration;
			buildSettings = {
				INFOPLIST_FILE = SenderUITests/Info.plist;
				LD_RUNPATH_SEARCH_PATHS = "$(inherited) @executable_path/Frameworks @loader_path/Frameworks";
				PRODUCT_BUNDLE_IDENTIFIER = Mahaboob.SenderUITests;
				PRODUCT_NAME = "$(TARGET_NAME)";
				TEST_TARGET_NAME = Sender;
			};
			name = Release;
		};
/* End XCBuildConfiguration section */

/* Begin XCConfigurationList section */
		528321851D76F13B0026D3C5 /* Build configuration list for PBXProject "Sender" */ = {
			isa = XCConfigurationList;
			buildConfigurations = (
				528321B51D76F13B0026D3C5 /* Debug */,
				528321B61D76F13B0026D3C5 /* Release */,
			);
			defaultConfigurationIsVisible = 0;
			defaultConfigurationName = Release;
		};
		528321B71D76F13B0026D3C5 /* Build configuration list for PBXNativeTarget "Sender" */ = {
			isa = XCConfigurationList;
			buildConfigurations = (
				528321B81D76F13B0026D3C5 /* Debug */,
				528321B91D76F13B0026D3C5 /* Release */,
			);
			defaultConfigurationIsVisible = 0;
		};
		528321BA1D76F13B0026D3C5 /* Build configuration list for PBXNativeTarget "SenderTests" */ = {
			isa = XCConfigurationList;
			buildConfigurations = (
				528321BB1D76F13B0026D3C5 /* Debug */,
				528321BC1D76F13B0026D3C5 /* Release */,
			);
			defaultConfigurationIsVisible = 0;
		};
		528321BD1D76F13B0026D3C5 /* Build configuration list for PBXNativeTarget "SenderUITests" */ = {
			isa = XCConfigurationList;
			buildConfigurations = (
				528321BE1D76F13B0026D3C5 /* Debug */,
				528321BF1D76F13B0026D3C5 /* Release */,
			);
			defaultConfigurationIsVisible = 0;
		};
/* End XCConfigurationList section */
	};
	rootObject = 528321821D76F13B0026D3C5 /* Project object */;
}
